
Microsoft Visual Studio Solution File, Format Version 12.00
# Visual Studio 15
VisualStudioVersion = 15.0.26730.16
MinimumVisualStudioVersion = 10.0.40219.1
Project("{FAE04EC0-301F-11D3-BF4B-00C04F79EFBC}") = "OldSchoolDownloaderAsync", "OldSchoolDownloaderAsync\OldSchoolDownloaderAsync.csproj", "{94D19B8D-2064-4835-9B10-C348537DCB97}"
EndProject
Global
	GlobalSection(SolutionConfigurationPlatforms) = preSolution
		Debug|Any CPU = Debug|Any CPU
		Release|Any CPU = Release|Any CPU
	EndGlobalSection
	GlobalSection(ProjectConfigurationPlatforms) = postSolution
		{94D19B8D-2064-4835-9B10-C348537DCB97}.Debug|Any CPU.ActiveCfg = Debug|Any CPU
		{94D19B8D-2064-4835-9B10-C348537DCB97}.Debug|Any CPU.Build.0 = Debug|Any CPU
		{94D19B8D-2064-4835-9B10-C348537DCB97}.Release|Any CPU.ActiveCfg = Release|Any CPU
		{94D19B8D-2064-4835-9B10-C348537DCB97}.Release|Any CPU.Build.0 = Release|Any CPU
	EndGlobalSection
	GlobalSection(SolutionProperties) = preSolution
		HideSolutionNode = FALSE
	EndGlobalSection
	GlobalSection(ExtensibilityGlobals) = postSolution
		SolutionGuid = {656AE7D1-432D-4761-AC9F-D411E0BE240E}
	EndGlobalSection
EndGlobal
